# THIS IS AN AUTOGENERATED FILE. DO NOT EDIT THIS FILE DIRECTLY.
# yarn lockfile v1


"@cloudflare/workers-types@^3.3.0":
  version "3.3.0"
  resolved "https://registry.yarnpkg.com/@cloudflare/workers-types/-/workers-types-3.3.0.tgz#a05cf8e27bf007a93c6437bf22daa616b1b5fc42"
  integrity sha512-3v3bm/hOuzNtHgDqPowrRE63H0GEn40LfhLMVpzS5yeg5tlE5nEQ0qobmGOJBCvJJ1LhgRRHZTJszXHs1DXQWg==

"@iarna/toml@^2.2.5":
  version "2.2.5"
  resolved "https://registry.yarnpkg.com/@iarna/toml/-/toml-2.2.5.tgz#b32366c89b43c6f8cefbdefac778b9c828e3ba8c"
  integrity sha512-trnsAYxU3xnS1gPHPyU961coFyLkh4gAD/0zQ5mymY4yOZ+CYvsPqUbOFSw0aDM4y0tV7tiFxL/1XfXPNC6IPg==

"@miniflare/cache@2.1.0":
  version "2.1.0"
  resolved "https://registry.yarnpkg.com/@miniflare/cache/-/cache-2.1.0.tgz#e23024ac353a31ec7642678a9669b010e2d4a0f7"
  integrity sha512-U/lLt+HcIVxvb6FTUBSR/Q34zavnmFa06wCDYu3HrZqxRN3Y3mp80USy+9a0PsS2g7YofP//yXQl40TKxRq3uQ==
  dependencies:
    "@miniflare/core" "2.1.0"
    "@miniflare/shared" "2.1.0"
    http-cache-semantics "^4.1.0"
    undici "4.12.1"

"@miniflare/cli-parser@2.1.0":
  version "2.1.0"
  resolved "https://registry.yarnpkg.com/@miniflare/cli-parser/-/cli-parser-2.1.0.tgz#4be9961953b5932710e02d634674ab5f520f326a"
  integrity sha512-jYX0gtNwPOg/Vm0/0bJEZQZ7aCXpD/LpTuxZFB5SSxoetCmMAWr3EYi2b+cVc5uAqKySNWuCGsQ97Bpla/Najw==
  dependencies:
    "@miniflare/shared" "2.1.0"
    kleur "^4.1.4"

"@miniflare/core@2.1.0":
  version "2.1.0"
  resolved "https://registry.yarnpkg.com/@miniflare/core/-/core-2.1.0.tgz#73befc8079a547257397ae578c8eb7f1f181b3ec"
  integrity sha512-1vFX6vuttgZFTDg5REwi1MbbEITtyXXxZkuwvXrEfE1SAfj/KKn5wdQtKiZesoU/eJ5J80ggeysUagwNGuDemg==
  dependencies:
    "@iarna/toml" "^2.2.5"
    "@miniflare/shared" "2.1.0"
    "@miniflare/watcher" "2.1.0"
    busboy "^0.3.1"
    dotenv "^10.0.0"
    kleur "^4.1.4"
    set-cookie-parser "^2.4.8"
    undici "4.12.1"

"@miniflare/durable-objects@2.1.0":
  version "2.1.0"
  resolved "https://registry.yarnpkg.com/@miniflare/durable-objects/-/durable-objects-2.1.0.tgz#db07d923634dd99eb7b150152622e39c14260534"
  integrity sha512-r4KLXHCQEP/LW6DGjIKWdZQltS7rq9gfPOm32ruLVTEuvuLGzQU5m4H1K6IRvtD+WqVkX3xZbo6i5up1ulhM8A==
  dependencies:
    "@miniflare/core" "2.1.0"
    "@miniflare/shared" "2.1.0"
    "@miniflare/storage-memory" "2.1.0"
    undici "4.12.1"

"@miniflare/html-rewriter@2.1.0":
  version "2.1.0"
  resolved "https://registry.yarnpkg.com/@miniflare/html-rewriter/-/html-rewriter-2.1.0.tgz#d9d8c535f618e80732cde8e1e34eb62980fc4055"
  integrity sha512-IUewfaN0H+AQAOYL0GcRIT9VShEG6Khl95MU6aK+LqINzZdieTw/fKZHszlV84+HPJPUNYa2jtwYRnKOI4wDbQ==
  dependencies:
    "@miniflare/core" "2.1.0"
    "@miniflare/shared" "2.1.0"
    html-rewriter-wasm "^0.3.2"
    undici "4.12.1"

"@miniflare/http-server@2.1.0":
  version "2.1.0"
  resolved "https://registry.yarnpkg.com/@miniflare/http-server/-/http-server-2.1.0.tgz#3a71b5af3d85711bb86050b5e2feae70d1007967"
  integrity sha512-4Ijhgx1X7znpMca6xGDZvigDN7+qtkEbPQFxl8ptKhGvDXLb3lP2UMkz7Ee7myV5H4Oauj4RpD6B6zmSj3p5zA==
  dependencies:
    "@miniflare/core" "2.1.0"
    "@miniflare/shared" "2.1.0"
    "@miniflare/web-sockets" "2.1.0"
    kleur "^4.1.4"
    selfsigned "^2.0.0"
    undici "4.12.1"
    ws "^8.2.2"
    youch "^2.2.2"

"@miniflare/kv@2.1.0":
  version "2.1.0"
  resolved "https://registry.yarnpkg.com/@miniflare/kv/-/kv-2.1.0.tgz#8a9bdd7db494c3327f2daad87b038051327dbfb9"
  integrity sha512-/XhibgDUIFjUlaBjztSMvvj96JuLGOt+vlPQKViGoeAyk7PItk4VfBYxaQjMWAiaPEDUkdhZD3P1CvIP/9Colw==
  dependencies:
    "@miniflare/shared" "2.1.0"

"@miniflare/runner-vm@2.1.0":
  version "2.1.0"
  resolved "https://registry.yarnpkg.com/@miniflare/runner-vm/-/runner-vm-2.1.0.tgz#908942a5a7899da3d02243cd099a53ac48ea4075"
  integrity sha512-LvF6RqPgkA+kSgRZiu8NEANFhlTATfEFYEJtPZiwRYchXIXpLpiOQ+Zi0yglBM9HFeLG50iuT3z/CKmv2T1oSw==
  dependencies:
    "@miniflare/shared" "2.1.0"

"@miniflare/scheduler@2.1.0":
  version "2.1.0"
  resolved "https://registry.yarnpkg.com/@miniflare/scheduler/-/scheduler-2.1.0.tgz#78930308f1ef1864b842d8ea6856b622758706dd"
  integrity sha512-C75U4wvZNNPWdUdmLThNflq6kSi4jPpSeoAZ+UVDyxVlivw4IMLL9Xy7sbmlyTzPuQ79zsH8RI0RpEJyN7DJUQ==
  dependencies:
    "@miniflare/core" "2.1.0"
    "@miniflare/shared" "2.1.0"
    cron-schedule "^3.0.4"

"@miniflare/shared@2.1.0":
  version "2.1.0"
  resolved "https://registry.yarnpkg.com/@miniflare/shared/-/shared-2.1.0.tgz#4ab54a210369a3254a5086fede3dbcc5a5776f8d"
  integrity sha512-ad7ofHntHTiPWtN8rDlvNS/o5TGnQDH5ncHAYmMtQl50Lsf8XFpBrQjaqjrwSKiRacHi09ipr9C+qxP04QU7Qw==
  dependencies:
    ignore "^5.1.8"
    kleur "^4.1.4"

"@miniflare/sites@2.1.0":
  version "2.1.0"
  resolved "https://registry.yarnpkg.com/@miniflare/sites/-/sites-2.1.0.tgz#22affb16c44f21e693e7bc1709aa09acd494f5aa"
  integrity sha512-hZpN+XPhiR92+BuAaZeZRBasYvFNZA3aZA1bMIGhAAgilAEI4mLzAE7iYCiOBS0R/zgrxoYhoc4rVKnVcTcZjw==
  dependencies:
    "@miniflare/kv" "2.1.0"
    "@miniflare/shared" "2.1.0"
    "@miniflare/storage-file" "2.1.0"

"@miniflare/storage-file@2.1.0":
  version "2.1.0"
  resolved "https://registry.yarnpkg.com/@miniflare/storage-file/-/storage-file-2.1.0.tgz#87e33d67d802247eea94b6b8fde499c75da78302"
  integrity sha512-82WyImf2BFzkhZNqWIUelTKBB27wqTB2N/zCAWnpmjWu6BSTXmxaUcYwVqB90eUebdNpSqREnhp3hLPT6JePRw==
  dependencies:
    "@miniflare/shared" "2.1.0"
    "@miniflare/storage-memory" "2.1.0"

"@miniflare/storage-memory@2.1.0":
  version "2.1.0"
  resolved "https://registry.yarnpkg.com/@miniflare/storage-memory/-/storage-memory-2.1.0.tgz#95d5aebf3e3fbaf91cc2278a996401128e710df4"
  integrity sha512-C2XsqJ0vfWM6MfcTMOgNz5Qmzq0NEfkLiR9siZUdcR0ULRHU8y4eoN2yk+Po9covpwByDqrbd5Viqe0RAgXN0Q==
  dependencies:
    "@miniflare/shared" "2.1.0"

"@miniflare/watcher@2.1.0":
  version "2.1.0"
  resolved "https://registry.yarnpkg.com/@miniflare/watcher/-/watcher-2.1.0.tgz#8c24e1b8caaa1dee30846fb09eb8c8f407ecd83f"
  integrity sha512-S/sTxi470bRildWL0t7PnPZge/6HO5KL7I5YSw7U4Srle/maojlaq2tiTaSfcloSJVkFeNm0thghudOOHUJGHQ==
  dependencies:
    "@miniflare/shared" "2.1.0"

"@miniflare/web-sockets@2.1.0":
  version "2.1.0"
  resolved "https://registry.yarnpkg.com/@miniflare/web-sockets/-/web-sockets-2.1.0.tgz#4e98debbe0e204aa870da7c2bcd341edf68138f8"
  integrity sha512-x5KRzS1iXv9+giLfLN3/ZPfcTxwX55LnMRn1A0GdTU119A482EOyvnzOjnCzz73IlghUqv9UPZnLV26tfzfInA==
  dependencies:
    "@miniflare/core" "2.1.0"
    "@miniflare/shared" "2.1.0"
    undici "4.12.1"
    ws "^8.2.2"

"@types/stack-trace@0.0.29":
  version "0.0.29"
  resolved "https://registry.yarnpkg.com/@types/stack-trace/-/stack-trace-0.0.29.tgz#eb7a7c60098edb35630ed900742a5ecb20cfcb4d"
  integrity sha512-TgfOX+mGY/NyNxJLIbDWrO9DjGoVSW9+aB8H2yy1fy32jsvxijhmyJI9fDFgvz3YP4lvJaq9DzdR/M1bOgVc9g==

buffer-from@^1.0.0:
  version "1.1.2"
  resolved "https://registry.yarnpkg.com/buffer-from/-/buffer-from-1.1.2.tgz#2b146a6fd72e80b4f55d255f35ed59a3a9a41bd5"
  integrity sha512-E+XQCRwSbaaiChtv6k6Dwgc+bx+Bs6vuKJHHl5kox/BaKbhiXzqQOwK4cO22yElGp2OCmjwVhT3HmxgyPGnJfQ==

busboy@^0.3.1:
  version "0.3.1"
  resolved "https://registry.yarnpkg.com/busboy/-/busboy-0.3.1.tgz#170899274c5bf38aae27d5c62b71268cd585fd1b"
  integrity sha512-y7tTxhGKXcyBxRKAni+awqx8uqaJKrSFSNFSeRG5CsWNdmy2BIK+6VGWEW7TZnIO/533mtMEA4rOevQV815YJw==
  dependencies:
    dicer "0.3.0"

cookie@^0.4.1:
  version "0.4.1"
  resolved "https://registry.yarnpkg.com/cookie/-/cookie-0.4.1.tgz#afd713fe26ebd21ba95ceb61f9a8116e50a537d1"
  integrity sha512-ZwrFkGJxUR3EIoXtO+yVE69Eb7KlixbaeAWfBQB9vVsNn/o+Yw69gBWSSDK825hQNdN+wF8zELf3dFNl/kxkUA==

cron-schedule@^3.0.4:
  version "3.0.4"
  resolved "https://registry.yarnpkg.com/cron-schedule/-/cron-schedule-3.0.4.tgz#9d3c3b6ed9069a77856b287f70ab47da271c14e3"
  integrity sha512-wEspID2dNPfWyh7t2ZvE4Izunzk20QacZg8oZcqfTrN1j5kImj0CEYT3ZGZo+KqGQUgRc9tKlEJmY4uFVt4ccA==

dicer@0.3.0:
  version "0.3.0"
  resolved "https://registry.yarnpkg.com/dicer/-/dicer-0.3.0.tgz#eacd98b3bfbf92e8ab5c2fdb71aaac44bb06b872"
  integrity sha512-MdceRRWqltEG2dZqO769g27N/3PXfcKl04VhYnBlo2YhH7zPi88VebsjTKclaOyiuMaGU72hTfw3VkUitGcVCA==
  dependencies:
    streamsearch "0.1.2"

discord-api-types@^0.25.2:
  version "0.25.2"
  resolved "https://registry.yarnpkg.com/discord-api-types/-/discord-api-types-0.25.2.tgz#e50ed152e6d48fe7963f5de1002ca6f2df57c61b"
  integrity sha512-O243LXxb5gLLxubu5zgoppYQuolapGVWPw3ll0acN0+O8TnPUE2kFp9Bt3sTRYodw8xFIknOVxjSeyWYBpVcEQ==

dotenv@^10.0.0:
  version "10.0.0"
  resolved "https://registry.yarnpkg.com/dotenv/-/dotenv-10.0.0.tgz#3d4227b8fb95f81096cdd2b66653fb2c7085ba81"
  integrity sha512-rlBi9d8jpv9Sf1klPjNfFAuWDjKLwTIJJ/VxtoTwIR6hnZxcEOQCZg2oIL3MWBYw5GpUDKOEnND7LXTbIpQ03Q==

esbuild-android-arm64@0.14.11:
  version "0.14.11"
  resolved "https://registry.yarnpkg.com/esbuild-android-arm64/-/esbuild-android-arm64-0.14.11.tgz#b8b34e35a5b43880664ac7a3fbc70243d7ed894f"
  integrity sha512-6iHjgvMnC/SzDH8TefL+/3lgCjYWwAd1LixYfmz/TBPbDQlxcuSkX0yiQgcJB9k+ibZ54yjVXziIwGdlc+6WNw==

esbuild-darwin-64@0.14.11:
  version "0.14.11"
  resolved "https://registry.yarnpkg.com/esbuild-darwin-64/-/esbuild-darwin-64-0.14.11.tgz#ba805de98c0412e50fcd0636451797da157b0625"
  integrity sha512-olq84ikh6TiBcrs3FnM4eR5VPPlcJcdW8BnUz/lNoEWYifYQ+Po5DuYV1oz1CTFMw4k6bQIZl8T3yxL+ZT2uvQ==

esbuild-darwin-arm64@0.14.11:
  version "0.14.11"
  resolved "https://registry.yarnpkg.com/esbuild-darwin-arm64/-/esbuild-darwin-arm64-0.14.11.tgz#4d3573e448af76ce33e16231f3d9f878542d6fe8"
  integrity sha512-Jj0ieWLREPBYr/TZJrb2GFH8PVzDqiQWavo1pOFFShrcmHWDBDrlDxPzEZ67NF/Un3t6sNNmeI1TUS/fe1xARg==

esbuild-freebsd-64@0.14.11:
  version "0.14.11"
  resolved "https://registry.yarnpkg.com/esbuild-freebsd-64/-/esbuild-freebsd-64-0.14.11.tgz#9294e6ab359ec93590ab097b0f2017de7c78ab4d"
  integrity sha512-C5sT3/XIztxxz/zwDjPRHyzj/NJFOnakAanXuyfLDwhwupKPd76/PPHHyJx6Po6NI6PomgVp/zi6GRB8PfrOTA==

esbuild-freebsd-arm64@0.14.11:
  version "0.14.11"
  resolved "https://registry.yarnpkg.com/esbuild-freebsd-arm64/-/esbuild-freebsd-arm64-0.14.11.tgz#ae3e0b09173350b66cf8321583c9a1c1fcb8bb55"
  integrity sha512-y3Llu4wbs0bk4cwjsdAtVOesXb6JkdfZDLKMt+v1U3tOEPBdSu6w8796VTksJgPfqvpX22JmPLClls0h5p+L9w==

esbuild-linux-32@0.14.11:
  version "0.14.11"
  resolved "https://registry.yarnpkg.com/esbuild-linux-32/-/esbuild-linux-32-0.14.11.tgz#ddadbc7038aa5a6b1675bb1503cf79a0cbf1229a"
  integrity sha512-Cg3nVsxArjyLke9EuwictFF3Sva+UlDTwHIuIyx8qpxRYAOUTmxr2LzYrhHyTcGOleLGXUXYsnUVwKqnKAgkcg==

esbuild-linux-64@0.14.11:
  version "0.14.11"
  resolved "https://registry.yarnpkg.com/esbuild-linux-64/-/esbuild-linux-64-0.14.11.tgz#d698e3ce3a231ddfeec6b5df8c546ae8883fcd88"
  integrity sha512-oeR6dIrrojr8DKVrxtH3xl4eencmjsgI6kPkDCRIIFwv4p+K7ySviM85K66BN01oLjzthpUMvBVfWSJkBLeRbg==

esbuild-linux-arm64@0.14.11:
  version "0.14.11"
  resolved "https://registry.yarnpkg.com/esbuild-linux-arm64/-/esbuild-linux-arm64-0.14.11.tgz#85faea9fa99ad355b5e3b283197a4dfd0a110fe7"
  integrity sha512-+e6ZCgTFQYZlmg2OqLkg1jHLYtkNDksxWDBWNtI4XG4WxuOCUErLqfEt9qWjvzK3XBcCzHImrajkUjO+rRkbMg==

esbuild-linux-arm@0.14.11:
  version "0.14.11"
  resolved "https://registry.yarnpkg.com/esbuild-linux-arm/-/esbuild-linux-arm-0.14.11.tgz#74cbcf0b8a22c8401bcbcd6ebd4cbf2baca8b7b4"
  integrity sha512-vcwskfD9g0tojux/ZaTJptJQU3a7YgTYsptK1y6LQ/rJmw7U5QJvboNawqM98Ca3ToYEucfCRGbl66OTNtp6KQ==

esbuild-linux-mips64le@0.14.11:
  version "0.14.11"
  resolved "https://registry.yarnpkg.com/esbuild-linux-mips64le/-/esbuild-linux-mips64le-0.14.11.tgz#490429211a3233f5cbbd8575b7758b897e42979a"
  integrity sha512-Rrs99L+p54vepmXIb87xTG6ukrQv+CzrM8eoeR+r/OFL2Rg8RlyEtCeshXJ2+Q66MXZOgPJaokXJZb9snq28bw==

esbuild-linux-ppc64le@0.14.11:
  version "0.14.11"
  resolved "https://registry.yarnpkg.com/esbuild-linux-ppc64le/-/esbuild-linux-ppc64le-0.14.11.tgz#fc79d60710213b5b98345f5b138d48245616827a"
  integrity sha512-JyzziGAI0D30Vyzt0HDihp4s1IUtJ3ssV2zx9O/c+U/dhUHVP2TmlYjzCfCr2Q6mwXTeloDcLS4qkyvJtYptdQ==

esbuild-linux-s390x@0.14.11:
  version "0.14.11"
  resolved "https://registry.yarnpkg.com/esbuild-linux-s390x/-/esbuild-linux-s390x-0.14.11.tgz#ca4b93556bbba6cc95b0644f2ee93c982165ba07"
  integrity sha512-DoThrkzunZ1nfRGoDN6REwmo8ZZWHd2ztniPVIR5RMw/Il9wiWEYBahb8jnMzQaSOxBsGp0PbyJeVLTUatnlcw==

esbuild-netbsd-64@0.14.11:
  version "0.14.11"
  resolved "https://registry.yarnpkg.com/esbuild-netbsd-64/-/esbuild-netbsd-64-0.14.11.tgz#edb340bc6653c88804cac2253e21b74258fce165"
  integrity sha512-12luoRQz+6eihKYh1zjrw0CBa2aw3twIiHV/FAfjh2NEBDgJQOY4WCEUEN+Rgon7xmLh4XUxCQjnwrvf8zhACw==

esbuild-openbsd-64@0.14.11:
  version "0.14.11"
  resolved "https://registry.yarnpkg.com/esbuild-openbsd-64/-/esbuild-openbsd-64-0.14.11.tgz#caeff5f946f79a60ce7bcf88871ca4c71d3476e8"
  integrity sha512-l18TZDjmvwW6cDeR4fmizNoxndyDHamGOOAenwI4SOJbzlJmwfr0jUgjbaXCUuYVOA964siw+Ix+A+bhALWg8Q==

esbuild-sunos-64@0.14.11:
  version "0.14.11"
  resolved "https://registry.yarnpkg.com/esbuild-sunos-64/-/esbuild-sunos-64-0.14.11.tgz#90ce7e1749c2958a53509b4bae7b8f7d98f276d6"
  integrity sha512-bmYzDtwASBB8c+0/HVOAiE9diR7+8zLm/i3kEojUH2z0aIs6x/S4KiTuT5/0VKJ4zk69kXel1cNWlHBMkmavQg==

esbuild-windows-32@0.14.11:
  version "0.14.11"
  resolved "https://registry.yarnpkg.com/esbuild-windows-32/-/esbuild-windows-32-0.14.11.tgz#d067f4ce15b29efba6336e6a23597120fafe49ec"
  integrity sha512-J1Ys5hMid8QgdY00OBvIolXgCQn1ARhYtxPnG6ESWNTty3ashtc4+As5nTrsErnv8ZGUcWZe4WzTP/DmEVX1UQ==

esbuild-windows-64@0.14.11:
  version "0.14.11"
  resolved "https://registry.yarnpkg.com/esbuild-windows-64/-/esbuild-windows-64-0.14.11.tgz#13e86dd37a6cd61a5276fa2d271342d0f74da864"
  integrity sha512-h9FmMskMuGeN/9G9+LlHPAoiQk9jlKDUn9yA0MpiGzwLa82E7r1b1u+h2a+InprbSnSLxDq/7p5YGtYVO85Mlg==

esbuild-windows-arm64@0.14.11:
  version "0.14.11"
  resolved "https://registry.yarnpkg.com/esbuild-windows-arm64/-/esbuild-windows-arm64-0.14.11.tgz#e8edfdf1d712085e6dc3fba18a0c225aaae32b75"
  integrity sha512-dZp7Krv13KpwKklt9/1vBFBMqxEQIO6ri7Azf8C+ob4zOegpJmha2XY9VVWP/OyQ0OWk6cEeIzMJwInRZrzBUQ==

esbuild@^0.14.8:
  version "0.14.11"
  resolved "https://registry.yarnpkg.com/esbuild/-/esbuild-0.14.11.tgz#ac4acb78907874832afb704c3afe58ad37715c27"
  integrity sha512-xZvPtVj6yecnDeFb3KjjCM6i7B5TCAQZT77kkW/CpXTMnd6VLnRPKrUB1XHI1pSq6a4Zcy3BGueQ8VljqjDGCg==
  optionalDependencies:
    esbuild-android-arm64 "0.14.11"
    esbuild-darwin-64 "0.14.11"
    esbuild-darwin-arm64 "0.14.11"
    esbuild-freebsd-64 "0.14.11"
    esbuild-freebsd-arm64 "0.14.11"
    esbuild-linux-32 "0.14.11"
    esbuild-linux-64 "0.14.11"
    esbuild-linux-arm "0.14.11"
    esbuild-linux-arm64 "0.14.11"
    esbuild-linux-mips64le "0.14.11"
    esbuild-linux-ppc64le "0.14.11"
    esbuild-linux-s390x "0.14.11"
    esbuild-netbsd-64 "0.14.11"
    esbuild-openbsd-64 "0.14.11"
    esbuild-sunos-64 "0.14.11"
    esbuild-windows-32 "0.14.11"
    esbuild-windows-64 "0.14.11"
    esbuild-windows-arm64 "0.14.11"

html-rewriter-wasm@^0.3.2:
  version "0.3.2"
  resolved "https://registry.yarnpkg.com/html-rewriter-wasm/-/html-rewriter-wasm-0.3.2.tgz#6bfa58f769b5866a7dc420879c0c7e7575c3b54a"
  integrity sha512-b+pOh+bs00uRVNIZoTgGBREjUKN47pchTNwkxKuP4ecQTFcOA6KJIW+jjvjjXrkSRURZsideLxFKqX7hnxdegQ==

http-cache-semantics@^4.1.0:
  version "4.1.0"
  resolved "https://registry.yarnpkg.com/http-cache-semantics/-/http-cache-semantics-4.1.0.tgz#49e91c5cbf36c9b94bcfcd71c23d5249ec74e390"
  integrity sha512-carPklcUh7ROWRK7Cv27RPtdhYhUsela/ue5/jKzjegVvXDqM2ILE9Q2BGn9JZJh1g87cp56su/FgQSzcWS8cQ==

ignore@^5.1.8:
  version "5.2.0"
  resolved "https://registry.yarnpkg.com/ignore/-/ignore-5.2.0.tgz#6d3bac8fa7fe0d45d9f9be7bac2fc279577e345a"
  integrity sha512-CmxgYGiEPCLhfLnpPp1MoRmifwEIOgjcHXxOBjv7mY96c+eWScsOP9c112ZyLdWHi0FxHjI+4uVhKYp/gcdRmQ==

kleur@^4.1.4:
  version "4.1.4"
  resolved "https://registry.yarnpkg.com/kleur/-/kleur-4.1.4.tgz#8c202987d7e577766d039a8cd461934c01cda04d"
  integrity sha512-8QADVssbrFjivHWQU7KkMgptGTl6WAcSdlbBPY4uNF+mWr6DGcKrvY2w4FQJoXch7+fKMjj0dRrL75vk3k23OA==

miniflare@2.1.0:
  version "2.1.0"
  resolved "https://registry.yarnpkg.com/miniflare/-/miniflare-2.1.0.tgz#2b902bc82fd0b0cc4333b385bc3e696c33e28620"
  integrity sha512-DR6V/UTNd7Uo8OS6SuT+pxdf52sRDX8ZS9cDq5RSRwT7qrYnpC55E//M8bLSFCqAsokjvyDb0zI19/Wdi86hmw==
  dependencies:
    "@miniflare/cache" "2.1.0"
    "@miniflare/cli-parser" "2.1.0"
    "@miniflare/core" "2.1.0"
    "@miniflare/durable-objects" "2.1.0"
    "@miniflare/html-rewriter" "2.1.0"
    "@miniflare/http-server" "2.1.0"
    "@miniflare/kv" "2.1.0"
    "@miniflare/runner-vm" "2.1.0"
    "@miniflare/scheduler" "2.1.0"
    "@miniflare/shared" "2.1.0"
    "@miniflare/sites" "2.1.0"
    "@miniflare/storage-file" "2.1.0"
    "@miniflare/storage-memory" "2.1.0"
    "@miniflare/web-sockets" "2.1.0"
    kleur "^4.1.4"
    semiver "^1.1.0"
    source-map-support "^0.5.20"
    undici "4.12.1"

mustache@^4.2.0:
  version "4.2.0"
  resolved "https://registry.yarnpkg.com/mustache/-/mustache-4.2.0.tgz#e5892324d60a12ec9c2a73359edca52972bf6f64"
  integrity sha512-71ippSywq5Yb7/tVYyGbkBggbU8H3u5Rz56fH60jGFgr8uHwxs+aSKeqmluIVzM0m0kB7xQjKS6qPfd0b2ZoqQ==

node-forge@^1.2.0:
  version "1.2.1"
  resolved "https://registry.yarnpkg.com/node-forge/-/node-forge-1.2.1.tgz#82794919071ef2eb5c509293325cec8afd0fd53c"
  integrity sha512-Fcvtbb+zBcZXbTTVwqGA5W+MKBj56UjVRevvchv5XrcyXbmNdesfZL37nlcWOfpgHhgmxApw3tQbTr4CqNmX4w==

selfsigned@^2.0.0:
  version "2.0.0"
  resolved "https://registry.yarnpkg.com/selfsigned/-/selfsigned-2.0.0.tgz#e927cd5377cbb0a1075302cff8df1042cc2bce5b"
  integrity sha512-cUdFiCbKoa1mZ6osuJs2uDHrs0k0oprsKveFiiaBKCNq3SYyb5gs2HxhQyDNLCmL51ZZThqi4YNDpCK6GOP1iQ==
  dependencies:
    node-forge "^1.2.0"

semiver@^1.1.0:
  version "1.1.0"
  resolved "https://registry.yarnpkg.com/semiver/-/semiver-1.1.0.tgz#9c97fb02c21c7ce4fcf1b73e2c7a24324bdddd5f"
  integrity sha512-QNI2ChmuioGC1/xjyYwyZYADILWyW6AmS1UH6gDj/SFUUUS4MBAWs/7mxnkRPc/F4iHezDP+O8t0dO8WHiEOdg==

set-cookie-parser@^2.4.8:
  version "2.4.8"
  resolved "https://registry.yarnpkg.com/set-cookie-parser/-/set-cookie-parser-2.4.8.tgz#d0da0ed388bc8f24e706a391f9c9e252a13c58b2"
  integrity sha512-edRH8mBKEWNVIVMKejNnuJxleqYE/ZSdcT8/Nem9/mmosx12pctd80s2Oy00KNZzrogMZS5mauK2/ymL1bvlvg==

slshx@^0.1.1:
  version "0.1.1"
  resolved "https://registry.yarnpkg.com/slshx/-/slshx-0.1.1.tgz#349e11c4e0457d1f2bf0217fc8aa1f9f21f97095"
  integrity sha512-6SJvTyX32L40cDISVcLJMD+QCiLSwuRRgvFtSAvvvZ2Iyf92e+NjOUbjNq3nhp5+LrNNsbE+xAADLeD9fodJDg==
  dependencies:
    discord-api-types "^0.25.2"

source-map-support@^0.5.20:
  version "0.5.21"
  resolved "https://registry.yarnpkg.com/source-map-support/-/source-map-support-0.5.21.tgz#04fe7c7f9e1ed2d662233c28cb2b35b9f63f6e4f"
  integrity sha512-uBHU3L3czsIyYXKX88fdrGovxdSCoTGDRZ6SYXtSRxLZUzHg5P/66Ht6uoUlHu9EZod+inXhKo3qQgwXUT/y1w==
  dependencies:
    buffer-from "^1.0.0"
    source-map "^0.6.0"

source-map@^0.6.0:
  version "0.6.1"
  resolved "https://registry.yarnpkg.com/source-map/-/source-map-0.6.1.tgz#74722af32e9614e9c287a8d0bbde48b5e2f1a263"
  integrity sha512-UjgapumWlbMhkBgzT7Ykc5YXUT46F0iKu8SGXq0bcwP5dz/h0Plj6enJqjz1Zbq2l5WaqYnrVbwWOWMyF3F47g==

stack-trace@0.0.10:
  version "0.0.10"
  resolved "https://registry.yarnpkg.com/stack-trace/-/stack-trace-0.0.10.tgz#547c70b347e8d32b4e108ea1a2a159e5fdde19c0"
  integrity sha1-VHxws0fo0ytOEI6hoqFZ5f3eGcA=

streamsearch@0.1.2:
  version "0.1.2"
  resolved "https://registry.yarnpkg.com/streamsearch/-/streamsearch-0.1.2.tgz#808b9d0e56fc273d809ba57338e929919a1a9f1a"
  integrity sha1-gIudDlb8Jz2Am6VzOOkpkZoanxo=

undici@4.12.1:
  version "4.12.1"
  resolved "https://registry.yarnpkg.com/undici/-/undici-4.12.1.tgz#3a7b5fb12f835a96a65397dd94578464b08d1c27"
  integrity sha512-MSfap7YiQJqTPP12C11PFRs9raZuVicDbwsZHTjB0a8+SsCqt7KdUis54f373yf7ZFhJzAkGJLaKm0202OIxHg==

ws@^8.2.2:
  version "8.4.0"
  resolved "https://registry.yarnpkg.com/ws/-/ws-8.4.0.tgz#f05e982a0a88c604080e8581576e2a063802bed6"
  integrity sha512-IHVsKe2pjajSUIl4KYMQOdlyliovpEPquKkqbwswulszzI7r0SfQrxnXdWAEqOlDCLrVSJzo+O1hAwdog2sKSQ==

youch@^2.2.2:
  version "2.2.2"
  resolved "https://registry.yarnpkg.com/youch/-/youch-2.2.2.tgz#cb87a359a5c524ebd35eb07ca3a1521dbc7e1a3e"
  integrity sha512-/FaCeG3GkuJwaMR34GHVg0l8jCbafZLHiFowSjqLlqhC6OMyf2tPJBu8UirF7/NI9X/R5ai4QfEKUCOxMAGxZQ==
  dependencies:
    "@types/stack-trace" "0.0.29"
    cookie "^0.4.1"
    mustache "^4.2.0"
    stack-trace "0.0.10"
